
Microsoft Visual Studio Solution File, Format Version 12.00
# Visual Studio Version 17
VisualStudioVersion = 17.0.31903.59
MinimumVisualStudioVersion = 10.0.40219.1
Project("{2150E333-8FDC-42A3-9474-1A3956D46DE8}") = "src", "src", "{88AF32C4-6813-4711-8D5C-CE5010775CDC}"
EndProject
Project("{FAE04EC0-301F-11D3-BF4B-00C04F79EFBC}") = "OfertaDemanda.Core", "src\OfertaDemanda.Core\OfertaDemanda.Core.csproj", "{96247413-1B22-43D7-8A93-0528DA1FE6F0}"
EndProject
Project("{FAE04EC0-301F-11D3-BF4B-00C04F79EFBC}") = "OfertaDemanda.Desktop", "src\OfertaDemanda.Desktop\OfertaDemanda.Desktop.csproj", "{33E88355-F3B4-42C8-A581-D143D2201948}"
EndProject
Project("{2150E333-8FDC-42A3-9474-1A3956D46DE8}") = "test", "test", "{08CF3B83-153E-4264-9FA6-D08BEFBBF63C}"
EndProject
Project("{FAE04EC0-301F-11D3-BF4B-00C04F79EFBC}") = "OfertaDemanda.Core.Tests", "test\OfertaDemanda.Core.Tests\OfertaDemanda.Core.Tests.csproj", "{29BD5414-A36B-4520-847B-B003B7A74EB1}"
EndProject
Project("{FAE04EC0-301F-11D3-BF4B-00C04F79EFBC}") = "OfertaDemanda.Desktop.Tests", "test\OfertaDemanda.Desktop.Tests\OfertaDemanda.Desktop.Tests.csproj", "{C2B31669-7E9F-4D1D-9265-EF53609D8101}"
EndProject
Project("{FAE04EC0-301F-11D3-BF4B-00C04F79EFBC}") = "OfertaDemanda.Shared", "src\OfertaDemanda.Shared\OfertaDemanda.Shared.csproj", "{25C282C2-1E5F-4EEB-9680-30E176271953}"
EndProject
Global
	GlobalSection(SolutionConfigurationPlatforms) = preSolution
		Debug|Any CPU = Debug|Any CPU
		Release|Any CPU = Release|Any CPU
	EndGlobalSection
	GlobalSection(SolutionProperties) = preSolution
		HideSolutionNode = FALSE
	EndGlobalSection
	GlobalSection(ProjectConfigurationPlatforms) = postSolution
		{96247413-1B22-43D7-8A93-0528DA1FE6F0}.Debug|Any CPU.ActiveCfg = Debug|Any CPU
		{96247413-1B22-43D7-8A93-0528DA1FE6F0}.Debug|Any CPU.Build.0 = Debug|Any CPU
		{96247413-1B22-43D7-8A93-0528DA1FE6F0}.Release|Any CPU.ActiveCfg = Release|Any CPU
		{96247413-1B22-43D7-8A93-0528DA1FE6F0}.Release|Any CPU.Build.0 = Release|Any CPU
		{33E88355-F3B4-42C8-A581-D143D2201948}.Debug|Any CPU.ActiveCfg = Debug|Any CPU
		{33E88355-F3B4-42C8-A581-D143D2201948}.Debug|Any CPU.Build.0 = Debug|Any CPU
		{33E88355-F3B4-42C8-A581-D143D2201948}.Release|Any CPU.ActiveCfg = Release|Any CPU
		{33E88355-F3B4-42C8-A581-D143D2201948}.Release|Any CPU.Build.0 = Release|Any CPU
		{29BD5414-A36B-4520-847B-B003B7A74EB1}.Debug|Any CPU.ActiveCfg = Debug|Any CPU
		{29BD5414-A36B-4520-847B-B003B7A74EB1}.Debug|Any CPU.Build.0 = Debug|Any CPU
		{29BD5414-A36B-4520-847B-B003B7A74EB1}.Release|Any CPU.ActiveCfg = Release|Any CPU
		{29BD5414-A36B-4520-847B-B003B7A74EB1}.Release|Any CPU.Build.0 = Release|Any CPU
		{C2B31669-7E9F-4D1D-9265-EF53609D8101}.Debug|Any CPU.ActiveCfg = Debug|Any CPU
		{C2B31669-7E9F-4D1D-9265-EF53609D8101}.Debug|Any CPU.Build.0 = Debug|Any CPU
		{C2B31669-7E9F-4D1D-9265-EF53609D8101}.Release|Any CPU.ActiveCfg = Release|Any CPU
		{C2B31669-7E9F-4D1D-9265-EF53609D8101}.Release|Any CPU.Build.0 = Release|Any CPU
		{25C282C2-1E5F-4EEB-9680-30E176271953}.Debug|Any CPU.ActiveCfg = Debug|Any CPU
		{25C282C2-1E5F-4EEB-9680-30E176271953}.Debug|Any CPU.Build.0 = Debug|Any CPU
		{25C282C2-1E5F-4EEB-9680-30E176271953}.Release|Any CPU.ActiveCfg = Release|Any CPU
		{25C282C2-1E5F-4EEB-9680-30E176271953}.Release|Any CPU.Build.0 = Release|Any CPU
	EndGlobalSection
	GlobalSection(NestedProjects) = preSolution
		{96247413-1B22-43D7-8A93-0528DA1FE6F0} = {88AF32C4-6813-4711-8D5C-CE5010775CDC}
		{33E88355-F3B4-42C8-A581-D143D2201948} = {88AF32C4-6813-4711-8D5C-CE5010775CDC}
		{29BD5414-A36B-4520-847B-B003B7A74EB1} = {08CF3B83-153E-4264-9FA6-D08BEFBBF63C}
		{C2B31669-7E9F-4D1D-9265-EF53609D8101} = {08CF3B83-153E-4264-9FA6-D08BEFBBF63C}
		{25C282C2-1E5F-4EEB-9680-30E176271953} = {88AF32C4-6813-4711-8D5C-CE5010775CDC}
	EndGlobalSection
EndGlobal
